
Microsoft Visual Studio Solution File, Format Version 12.00
Project("{FAE04EC0-301F-11D3-BF4B-00C04F79EFBC}") = "Cashwu.AspNetCore.Scheduled", "Cashwu.AspNetCore.Scheduled\Cashwu.AspNetCore.Scheduled.csproj", "{F1E39107-39DC-4EF4-9EFE-090AD2B4E5E7}"
EndProject
Global
	GlobalSection(SolutionConfigurationPlatforms) = preSolution
		Debug|Any CPU = Debug|Any CPU
		Release|Any CPU = Release|Any CPU
	EndGlobalSection
	GlobalSection(ProjectConfigurationPlatforms) = postSolution
		{F1E39107-39DC-4EF4-9EFE-090AD2B4E5E7}.Debug|Any CPU.ActiveCfg = Debug|Any CPU
		{F1E39107-39DC-4EF4-9EFE-090AD2B4E5E7}.Debug|Any CPU.Build.0 = Debug|Any CPU
		{F1E39107-39DC-4EF4-9EFE-090AD2B4E5E7}.Release|Any CPU.ActiveCfg = Release|Any CPU
		{F1E39107-39DC-4EF4-9EFE-090AD2B4E5E7}.Release|Any CPU.Build.0 = Release|Any CPU
	EndGlobalSection
EndGlobal
